
Microsoft Visual Studio Solution File, Format Version 12.00
# Visual Studio Version 17
VisualStudioVersion = 17.0.32014.148
MinimumVisualStudioVersion = 10.0.40219.1
Project("{9A19103F-16F7-4668-BE54-9A1E7A4F7556}") = "Dev.Shefa", "Dev.Shefa\Dev.Shefa.csproj", "{77925D0D-ECB6-426E-B1A7-9BAC069B3423}"
EndProject
Global
	GlobalSection(SolutionConfigurationPlatforms) = preSolution
		Debug|Any CPU = Debug|Any CPU
		Release|Any CPU = Release|Any CPU
	EndGlobalSection
	GlobalSection(ProjectConfigurationPlatforms) = postSolution
		{77925D0D-ECB6-426E-B1A7-9BAC069B3423}.Debug|Any CPU.ActiveCfg = Debug|Any CPU
		{77925D0D-ECB6-426E-B1A7-9BAC069B3423}.Debug|Any CPU.Build.0 = Debug|Any CPU
		{77925D0D-ECB6-426E-B1A7-9BAC069B3423}.Release|Any CPU.ActiveCfg = Release|Any CPU
		{77925D0D-ECB6-426E-B1A7-9BAC069B3423}.Release|Any CPU.Build.0 = Release|Any CPU
	EndGlobalSection
	GlobalSection(SolutionProperties) = preSolution
		HideSolutionNode = FALSE
	EndGlobalSection
	GlobalSection(ExtensibilityGlobals) = postSolution
		SolutionGuid = {166BB25E-1019-451C-BF10-679573E9523D}
	EndGlobalSection
EndGlobal
